
Microsoft Visual Studio Solution File, Format Version 12.00
# Visual Studio Version 17
VisualStudioVersion = 17.10.35004.147
MinimumVisualStudioVersion = 10.0.40219.1
Project("{9A19103F-16F7-4668-BE54-9A1E7A4F7556}") = "ContractMonthlyClaimSystem", "ContractMonthlyClaimSystem.csproj", "{CF2DE77A-D8B4-464C-B26D-E89F36605046}"
EndProject
Global
	GlobalSection(SolutionConfigurationPlatforms) = preSolution
		Debug|Any CPU = Debug|Any CPU
		Release|Any CPU = Release|Any CPU
	EndGlobalSection
	GlobalSection(ProjectConfigurationPlatforms) = postSolution
		{CF2DE77A-D8B4-464C-B26D-E89F36605046}.Debug|Any CPU.ActiveCfg = Debug|Any CPU
		{CF2DE77A-D8B4-464C-B26D-E89F36605046}.Debug|Any CPU.Build.0 = Debug|Any CPU
		{CF2DE77A-D8B4-464C-B26D-E89F36605046}.Release|Any CPU.ActiveCfg = Release|Any CPU
		{CF2DE77A-D8B4-464C-B26D-E89F36605046}.Release|Any CPU.Build.0 = Release|Any CPU
	EndGlobalSection
	GlobalSection(SolutionProperties) = preSolution
		HideSolutionNode = FALSE
	EndGlobalSection
	GlobalSection(ExtensibilityGlobals) = postSolution
		SolutionGuid = {1F118858-3820-4F46-962D-0A459358D9BD}
	EndGlobalSection
EndGlobal
